// !$*UTF8*$!
{
	archiveVersion = 1;
	classes = {
	};
	objectVersion = 55;
	objects = {

/* Begin PBXBuildFile section */
		4789C53C27B54F1600CE4DC5 /* Stepper_ViewApp.swift in Sources */ = {isa = PBXBuildFile; fileRef = 4789C52C27B54F1400CE4DC5 /* Stepper_ViewApp.swift */; };
		4789C53D27B54F1600CE4DC5 /* Stepper_ViewApp.swift in Sources */ = {isa = PBXBuildFile; fileRef = 4789C52C27B54F1400CE4DC5 /* Stepper_ViewApp.swift */; };
		4789C53E27B54F1600CE4DC5 /* ContentView.swift in Sources */ = {isa = PBXBuildFile; fileRef = 4789C52D27B54F1400CE4DC5 /* ContentView.swift */; };
		4789C53F27B54F1600CE4DC5 /* ContentView.swift in Sources */ = {isa = PBXBuildFile; fileRef = 4789C52D27B54F1400CE4DC5 /* ContentView.swift */; };
		4789C54027B54F1600CE4DC5 /* Assets.xcassets in Resources */ = {isa = PBXBuildFile; fileRef = 4789C52E27B54F1600CE4DC5 /* Assets.xcassets */; };
		4789C54127B54F1600CE4DC5 /* Assets.xcassets in Resources */ = {isa = PBXBuildFile; fileRef = 4789C52E27B54F1600CE4DC5 /* Assets.xcassets */; };
		4789C54C27B54F3E00CE4DC5 /* StepperView.swift in Sources */ = {isa = PBXBuildFile; fileRef = 4789C54B27B54F3E00CE4DC5 /* StepperView.swift */; };
		4789C54D27B54F3E00CE4DC5 /* StepperView.swift in Sources */ = {isa = PBXBuildFile; fileRef = 4789C54B27B54F3E00CE4DC5 /* StepperView.swift */; };
		4789C54F27B5515400CE4DC5 /* StepView.swift in Sources */ = {isa = PBXBuildFile; fileRef = 4789C54E27B5515400CE4DC5 /* StepView.swift */; };
		4789C55027B5515400CE4DC5 /* StepView.swift in Sources */ = {isa = PBXBuildFile; fileRef = 4789C54E27B5515400CE4DC5 /* StepView.swift */; };
/* End PBXBuildFile section */

/* Begin PBXFileReference section */
		4789C52C27B54F1400CE4DC5 /* Stepper_ViewApp.swift */ = {isa = PBXFileReference; lastKnownFileType = sourcecode.swift; path = Stepper_ViewApp.swift; sourceTree = "<group>"; };
		4789C52D27B54F1400CE4DC5 /* ContentView.swift */ = {isa = PBXFileReference; lastKnownFileType = sourcecode.swift; path = ContentView.swift; sourceTree = "<group>"; };
		4789C52E27B54F1600CE4DC5 /* Assets.xcassets */ = {isa = PBXFileReference; lastKnownFileType = folder.assetcatalog; path = Assets.xcassets; sourceTree = "<group>"; };
		4789C53327B54F1600CE4DC5 /* Stepper View.app */ = {isa = PBXFileReference; explicitFileType = wrapper.application; includeInIndex = 0; path = "Stepper View.app"; sourceTree = BUILT_PRODUCTS_DIR; };
		4789C53927B54F1600CE4DC5 /* Stepper View.app */ = {isa = PBXFileReference; explicitFileType = wrapper.application; includeInIndex = 0; path = "Stepper View.app"; sourceTree = BUILT_PRODUCTS_DIR; };
		4789C53B27B54F1600CE4DC5 /* macOS.entitlements */ = {isa = PBXFileReference; lastKnownFileType = text.plist.entitlements; path = macOS.entitlements; sourceTree = "<group>"; };
		4789C54B27B54F3E00CE4DC5 /* StepperView.swift */ = {isa = PBXFileReference; lastKnownFileType = sourcecode.swift; path = StepperView.swift; sourceTree = "<group>"; };
		4789C54E27B5515400CE4DC5 /* StepView.swift */ = {isa = PBXFileReference; lastKnownFileType = sourcecode.swift; path = StepView.swift; sourceTree = "<group>"; };
/* End PBXFileReference section */

/* Begin PBXFrameworksBuildPhase section */
		4789C53027B54F1600CE4DC5 /* Frameworks */ = {
			isa = PBXFrameworksBuildPhase;
			buildActionMask = 2147483647;
			files = (
			);
			runOnlyForDeploymentPostprocessing = 0;
		};
		4789C53627B54F1600CE4DC5 /* Frameworks */ = {
			isa = PBXFrameworksBuildPhase;
			buildActionMask = 2147483647;
			files = (
			);
			runOnlyForDeploymentPostprocessing = 0;
		};
/* End PBXFrameworksBuildPhase section */

/* Begin PBXGroup section */
		4789C52627B54F1400CE4DC5 = {
			isa = PBXGroup;
			children = (
				4789C52B27B54F1400CE4DC5 /* Shared */,
				4789C53A27B54F1600CE4DC5 /* macOS */,
				4789C53427B54F1600CE4DC5 /* Products */,
			);
			sourceTree = "<group>";
		};
		4789C52B27B54F1400CE4DC5 /* Shared */ = {
			isa = PBXGroup;
			children = (
				4789C52C27B54F1400CE4DC5 /* Stepper_ViewApp.swift */,
				4789C52D27B54F1400CE4DC5 /* ContentView.swift */,
				4789C52E27B54F1600CE4DC5 /* Assets.xcassets */,
				4789C54B27B54F3E00CE4DC5 /* StepperView.swift */,
				4789C54E27B5515400CE4DC5 /* StepView.swift */,
			);
			path = Shared;
			sourceTree = "<group>";
		};
		4789C53427B54F1600CE4DC5 /* Products */ = {
			isa = PBXGroup;
			children = (
				4789C53327B54F1600CE4DC5 /* Stepper View.app */,
				4789C53927B54F1600CE4DC5 /* Stepper View.app */,
			);
			name = Products;
			sourceTree = "<group>";
		};
		4789C53A27B54F1600CE4DC5 /* macOS */ = {
			isa = PBXGroup;
			children = (
				4789C53B27B54F1600CE4DC5 /* macOS.entitlements */,
			);
			path = macOS;
			sourceTree = "<group>";
		};
/* End PBXGroup section */

/* Begin PBXNativeTarget section */
		4789C53227B54F1600CE4DC5 /* Stepper View (iOS) */ = {
			isa = PBXNativeTarget;
			buildConfigurationList = 4789C54427B54F1600CE4DC5 /* Build configuration list for PBXNativeTarget "Stepper View (iOS)" */;
			buildPhases = (
				4789C52F27B54F1600CE4DC5 /* Sources */,
				4789C53027B54F1600CE4DC5 /* Frameworks */,
				4789C53127B54F1600CE4DC5 /* Resources */,
			);
			buildRules = (
			);
			dependencies = (
			);
			name = "Stepper View (iOS)";
			productName = "Stepper View (iOS)";
			productReference = 4789C53327B54F1600CE4DC5 /* Stepper View.app */;
			productType = "com.apple.product-type.application";
		};
		4789C53827B54F1600CE4DC5 /* Stepper View (macOS) */ = {
			isa = PBXNativeTarget;
			buildConfigurationList = 4789C54727B54F1600CE4DC5 /* Build configuration list for PBXNativeTarget "Stepper View (macOS)" */;
			buildPhases = (
				4789C53527B54F1600CE4DC5 /* Sources */,
				4789C53627B54F1600CE4DC5 /* Frameworks */,
				4789C53727B54F1600CE4DC5 /* Resources */,
			);
			buildRules = (
			);
			dependencies = (
			);
			name = "Stepper View (macOS)";
			productName = "Stepper View (macOS)";
			productReference = 4789C53927B54F1600CE4DC5 /* Stepper View.app */;
			productType = "com.apple.product-type.application";
		};
/* End PBXNativeTarget section */

/* Begin PBXProject section */
		4789C52727B54F1400CE4DC5 /* Project object */ = {
			isa = PBXProject;
			attributes = {
				BuildIndependentTargetsInParallel = 1;
				LastSwiftUpdateCheck = 1320;
				LastUpgradeCheck = 1320;
				TargetAttributes = {
					4789C53227B54F1600CE4DC5 = {
						CreatedOnToolsVersion = 13.2;
					};
					4789C53827B54F1600CE4DC5 = {
						CreatedOnToolsVersion = 13.2;
					};
				};
			};
			buildConfigurationList = 4789C52A27B54F1400CE4DC5 /* Build configuration list for PBXProject "Stepper View" */;
			compatibilityVersion = "Xcode 13.0";
			developmentRegion = en;
			hasScannedForEncodings = 0;
			knownRegions = (
				en,
				Base,
			);
			mainGroup = 4789C52627B54F1400CE4DC5;
			productRefGroup = 4789C53427B54F1600CE4DC5 /* Products */;
			projectDirPath = "";
			projectRoot = "";
			targets = (
				4789C53227B54F1600CE4DC5 /* Stepper View (iOS) */,
				4789C53827B54F1600CE4DC5 /* Stepper View (macOS) */,
			);
		};
/* End PBXProject section */

/* Begin PBXResourcesBuildPhase section */
		4789C53127B54F1600CE4DC5 /* Resources */ = {
			isa = PBXResourcesBuildPhase;
			buildActionMask = 2147483647;
			files = (
				4789C54027B54F1600CE4DC5 /* Assets.xcassets in Resources */,
			);
			runOnlyForDeploymentPostprocessing = 0;
		};
		4789C53727B54F1600CE4DC5 /* Resources */ = {
			isa = PBXResourcesBuildPhase;
			buildActionMask = 2147483647;
			files = (
				4789C54127B54F1600CE4DC5 /* Assets.xcassets in Resources */,
			);
			runOnlyForDeploymentPostprocessing = 0;
		};
/* End PBXResourcesBuildPhase section */

/* Begin PBXSourcesBuildPhase section */
		4789C52F27B54F1600CE4DC5 /* Sources */ = {
			isa = PBXSourcesBuildPhase;
			buildActionMask = 2147483647;
			files = (
				4789C54F27B5515400CE4DC5 /* StepView.swift in Sources */,
				4789C53E27B54F1600CE4DC5 /* ContentView.swift in Sources */,
				4789C53C27B54F1600CE4DC5 /* Stepper_ViewApp.swift in Sources */,
				4789C54C27B54F3E00CE4DC5 /* StepperView.swift in Sources */,
			);
			runOnlyForDeploymentPostprocessing = 0;
		};
		4789C53527B54F1600CE4DC5 /* Sources */ = {
			isa = PBXSourcesBuildPhase;
			buildActionMask = 2147483647;
			files = (
				4789C55027B5515400CE4DC5 /* StepView.swift in Sources */,
				4789C53F27B54F1600CE4DC5 /* ContentView.swift in Sources */,
				4789C53D27B54F1600CE4DC5 /* Stepper_ViewApp.swift in Sources */,
				4789C54D27B54F3E00CE4DC5 /* StepperView.swift in Sources */,
			);
			runOnlyForDeploymentPostprocessing = 0;
		};
/* End PBXSourcesBuildPhase section */

/* Begin XCBuildConfiguration section */
		4789C54227B54F1600CE4DC5 /* Debug */ = {
			isa = XCBuildConfiguration;
			buildSettings = {
				ALWAYS_SEARCH_USER_PATHS = NO;
				CLANG_ANALYZER_NONNULL = YES;
				CLANG_ANALYZER_NUMBER_OBJECT_CONVERSION = YES_AGGRESSIVE;
				CLANG_CXX_LANGUAGE_STANDARD = "gnu++17";
				CLANG_CXX_LIBRARY = "libc++";
				CLANG_ENABLE_MODULES = YES;
				CLANG_ENABLE_OBJC_ARC = YES;
				CLANG_ENABLE_OBJC_WEAK = YES;
				CLANG_WARN_BLOCK_CAPTURE_AUTORELEASING = YES;
				CLANG_WARN_BOOL_CONVERSION = YES;
				CLANG_WARN_COMMA = YES;
				CLANG_WARN_CONSTANT_CONVERSION = YES;
				CLANG_WARN_DEPRECATED_OBJC_IMPLEMENTATIONS = YES;
				CLANG_WARN_DIRECT_OBJC_ISA_USAGE = YES_ERROR;
				CLANG_WARN_DOCUMENTATION_COMMENTS = YES;
				CLANG_WARN_EMPTY_BODY = YES;
				CLANG_WARN_ENUM_CONVERSION = YES;
				CLANG_WARN_INFINITE_RECURSION = YES;
				CLANG_WARN_INT_CONVERSION = YES;
				CLANG_WARN_NON_LITERAL_NULL_CONVERSION = YES;
				CLANG_WARN_OBJC_IMPLICIT_RETAIN_SELF = YES;
				CLANG_WARN_OBJC_LITERAL_CONVERSION = YES;
				CLANG_WARN_OBJC_ROOT_CLASS = YES_ERROR;
				CLANG_WARN_QUOTED_INCLUDE_IN_FRAMEWORK_HEADER = YES;
				CLANG_WARN_RANGE_LOOP_ANALYSIS = YES;
				CLANG_WARN_STRICT_PROTOTYPES = YES;
				CLANG_WARN_SUSPICIOUS_MOVE = YES;
				CLANG_WARN_UNGUARDED_AVAILABILITY = YES_AGGRESSIVE;
				CLANG_WARN_UNREACHABLE_CODE = YES;
				CLANG_WARN__DUPLICATE_METHOD_MATCH = YES;
				COPY_PHASE_STRIP = NO;
				DEBUG_INFORMATION_FORMAT = dwarf;
				ENABLE_STRICT_OBJC_MSGSEND = YES;
				ENABLE_TESTABILITY = YES;
				GCC_C_LANGUAGE_STANDARD = gnu11;
				GCC_DYNAMIC_NO_PIC = NO;
				GCC_NO_COMMON_BLOCKS = YES;
				GCC_OPTIMIZATION_LEVEL = 0;
				GCC_PREPROCESSOR_DEFINITIONS = (
					"DEBUG=1",
					"$(inherited)",
				);
				GCC_WARN_64_TO_32_BIT_CONVERSION = YES;
				GCC_WARN_ABOUT_RETURN_TYPE = YES_ERROR;
				GCC_WARN_UNDECLARED_SELECTOR = YES;
				GCC_WARN_UNINITIALIZED_AUTOS = YES_AGGRESSIVE;
				GCC_WARN_UNUSED_FUNCTION = YES;
				GCC_WARN_UNUSED_VARIABLE = YES;
				MTL_ENABLE_DEBUG_INFO = INCLUDE_SOURCE;
				MTL_FAST_MATH = YES;
				ONLY_ACTIVE_ARCH = YES;
				SWIFT_ACTIVE_COMPILATION_CONDITIONS = DEBUG;
				SWIFT_OPTIMIZATION_LEVEL = "-Onone";
			};
			name = Debug;
		};
		4789C54327B54F1600CE4DC5 /* Release */ = {
			isa = XCBuildConfiguration;
			buildSettings = {
				ALWAYS_SEARCH_USER_PATHS = NO;
				CLANG_ANALYZER_NONNULL = YES;
				CLANG_ANALYZER_NUMBER_OBJECT_CONVERSION = YES_AGGRESSIVE;
				CLANG_CXX_LANGUAGE_STANDARD = "gnu++17";
				CLANG_CXX_LIBRARY = "libc++";
				CLANG_ENABLE_MODULES = YES;
				CLANG_ENABLE_OBJC_ARC = YES;
				CLANG_ENABLE_OBJC_WEAK = YES;
				CLANG_WARN_BLOCK_CAPTURE_AUTORELEASING = YES;
				CLANG_WARN_BOOL_CONVERSION = YES;
				CLANG_WARN_COMMA = YES;
				CLANG_WARN_CONSTANT_CONVERSION = YES;
				CLANG_WARN_DEPRECATED_OBJC_IMPLEMENTATIONS = YES;
				CLANG_WARN_DIRECT_OBJC_ISA_USAGE = YES_ERROR;
				CLANG_WARN_DOCUMENTATION_COMMENTS = YES;
				CLANG_WARN_EMPTY_BODY = YES;
				CLANG_WARN_ENUM_CONVERSION = YES;
				CLANG_WARN_INFINITE_RECURSION = YES;
				CLANG_WARN_INT_CONVERSION = YES;
				CLANG_WARN_NON_LITERAL_NULL_CONVERSION = YES;
				CLANG_WARN_OBJC_IMPLICIT_RETAIN_SELF = YES;
				CLANG_WARN_OBJC_LITERAL_CONVERSION = YES;
				CLANG_WARN_OBJC_ROOT_CLASS = YES_ERROR;
				CLANG_WARN_QUOTED_INCLUDE_IN_FRAMEWORK_HEADER = YES;
				CLANG_WARN_RANGE_LOOP_ANALYSIS = YES;
				CLANG_WARN_STRICT_PROTOTYPES = YES;
				CLANG_WARN_SUSPICIOUS_MOVE = YES;
				CLANG_WARN_UNGUARDED_AVAILABILITY = YES_AGGRESSIVE;
				CLANG_WARN_UNREACHABLE_CODE = YES;
				CLANG_WARN__DUPLICATE_METHOD_MATCH = YES;
				COPY_PHASE_STRIP = NO;
				DEBUG_INFORMATION_FORMAT = "dwarf-with-dsym";
				ENABLE_NS_ASSERTIONS = NO;
				ENABLE_STRICT_OBJC_MSGSEND = YES;
				GCC_C_LANGUAGE_STANDARD = gnu11;
				GCC_NO_COMMON_BLOCKS = YES;
				GCC_WARN_64_TO_32_BIT_CONVERSION = YES;
				GCC_WARN_ABOUT_RETURN_TYPE = YES_ERROR;
				GCC_WARN_UNDECLARED_SELECTOR = YES;
				GCC_WARN_UNINITIALIZED_AUTOS = YES_AGGRESSIVE;
				GCC_WARN_UNUSED_FUNCTION = YES;
				GCC_WARN_UNUSED_VARIABLE = YES;
				MTL_ENABLE_DEBUG_INFO = NO;
				MTL_FAST_MATH = YES;
				SWIFT_COMPILATION_MODE = wholemodule;
				SWIFT_OPTIMIZATION_LEVEL = "-O";
			};
			name = Release;
		};
		4789C54527B54F1600CE4DC5 /* Debug */ = {
			isa = XCBuildConfiguration;
			buildSettings = {
				ASSETCATALOG_COMPILER_APPICON_NAME = AppIcon;
				ASSETCATALOG_COMPILER_GLOBAL_ACCENT_COLOR_NAME = AccentColor;
				CODE_SIGN_STYLE = Automatic;
				CURRENT_PROJECT_VERSION = 1;
				ENABLE_PREVIEWS = YES;
				GENERATE_INFOPLIST_FILE = YES;
				INFOPLIST_KEY_UIApplicationSceneManifest_Generation = YES;
				INFOPLIST_KEY_UIApplicationSupportsIndirectInputEvents = YES;
				INFOPLIST_KEY_UILaunchScreen_Generation = YES;
				INFOPLIST_KEY_UISupportedInterfaceOrientations_iPad = "UIInterfaceOrientationPortrait UIInterfaceOrientationPortraitUpsideDown UIInterfaceOrientationLandscapeLeft UIInterfaceOrientationLandscapeRight";
				INFOPLIST_KEY_UISupportedInterfaceOrientations_iPhone = "UIInterfaceOrientationPortrait UIInterfaceOrientationLandscapeLeft UIInterfaceOrientationLandscapeRight";
				IPHONEOS_DEPLOYMENT_TARGET = 15.2;
				LD_RUNPATH_SEARCH_PATHS = (
					"$(inherited)",
					"@executable_path/Frameworks",
				);
				MARKETING_VERSION = 1.0;
				PRODUCT_BUNDLE_IDENTIFIER = "test.Stepper-View";
				PRODUCT_NAME = "Stepper View";
				SDKROOT = iphoneos;
				SWIFT_EMIT_LOC_STRINGS = YES;
				SWIFT_VERSION = 5.0;
				TARGETED_DEVICE_FAMILY = "1,2";
			};
			name = Debug;
		};
		4789C54627B54F1600CE4DC5 /* Release */ = {
			isa = XCBuildConfiguration;
			buildSettings = {
				ASSETCATALOG_COMPILER_APPICON_NAME = AppIcon;
				ASSETCATALOG_COMPILER_GLOBAL_ACCENT_COLOR_NAME = AccentColor;
				CODE_SIGN_STYLE = Automatic;
				CURRENT_PROJECT_VERSION = 1;
				ENABLE_PREVIEWS = YES;
				GENERATE_INFOPLIST_FILE = YES;
				INFOPLIST_KEY_UIApplicationSceneManifest_Generation = YES;
				INFOPLIST_KEY_UIApplicationSupportsIndirectInputEvents = YES;
				INFOPLIST_KEY_UILaunchScreen_Generation = YES;
				INFOPLIST_KEY_UISupportedInterfaceOrientations_iPad = "UIInterfaceOrientationPortrait UIInterfaceOrientationPortraitUpsideDown UIInterfaceOrientationLandscapeLeft UIInterfaceOrientationLandscapeRight";
				INFOPLIST_KEY_UISupportedInterfaceOrientations_iPhone = "UIInterfaceOrientationPortrait UIInterfaceOrientationLandscapeLeft UIInterfaceOrientationLandscapeRight";
				IPHONEOS_DEPLOYMENT_TARGET = 15.2;
				LD_RUNPATH_SEARCH_PATHS = (
					"$(inherited)",
					"@executable_path/Frameworks",
				);
				MARKETING_VERSION = 1.0;
				PRODUCT_BUNDLE_IDENTIFIER = "test.Stepper-View";
				PRODUCT_NAME = "Stepper View";
				SDKROOT = iphoneos;
				SWIFT_EMIT_LOC_STRINGS = YES;
				SWIFT_VERSION = 5.0;
				TARGETED_DEVICE_FAMILY = "1,2";
				VALIDATE_PRODUCT = YES;
			};
			name = Release;
		};
		4789C54827B54F1600CE4DC5 /* Debug */ = {
			isa = XCBuildConfiguration;
			buildSettings = {
				ASSETCATALOG_COMPILER_APPICON_NAME = AppIcon;
				ASSETCATALOG_COMPILER_GLOBAL_ACCENT_COLOR_NAME = AccentColor;
				CODE_SIGN_ENTITLEMENTS = macOS/macOS.entitlements;
				CODE_SIGN_STYLE = Automatic;
				COMBINE_HIDPI_IMAGES = YES;
				CURRENT_PROJECT_VERSION = 1;
				ENABLE_PREVIEWS = YES;
				GENERATE_INFOPLIST_FILE = YES;
				INFOPLIST_KEY_NSHumanReadableCopyright = "";
				LD_RUNPATH_SEARCH_PATHS = (
					"$(inherited)",
					"@executable_path/../Frameworks",
				);
				MACOSX_DEPLOYMENT_TARGET = 12.1;
				MARKETING_VERSION = 1.0;
				PRODUCT_BUNDLE_IDENTIFIER = "test.Stepper-View";
				PRODUCT_NAME = "Stepper View";
				SDKROOT = macosx;
				SWIFT_EMIT_LOC_STRINGS = YES;
				SWIFT_VERSION = 5.0;
			};
			name = Debug;
		};
		4789C54927B54F1600CE4DC5 /* Release */ = {
			isa = XCBuildConfiguration;
			buildSettings = {
				ASSETCATALOG_COMPILER_APPICON_NAME = AppIcon;
				ASSETCATALOG_COMPILER_GLOBAL_ACCENT_COLOR_NAME = AccentColor;
				CODE_SIGN_ENTITLEMENTS = macOS/macOS.entitlements;
				CODE_SIGN_STYLE = Automatic;
				COMBINE_HIDPI_IMAGES = YES;
				CURRENT_PROJECT_VERSION = 1;
				ENABLE_PREVIEWS = YES;
				GENERATE_INFOPLIST_FILE = YES;
				INFOPLIST_KEY_NSHumanReadableCopyright = "";
				LD_RUNPATH_SEARCH_PATHS = (
					"$(inherited)",
					"@executable_path/../Frameworks",
				);
				MACOSX_DEPLOYMENT_TARGET = 12.1;
				MARKETING_VERSION = 1.0;
				PRODUCT_BUNDLE_IDENTIFIER = "test.Stepper-View";
				PRODUCT_NAME = "Stepper View";
				SDKROOT = macosx;
				SWIFT_EMIT_LOC_STRINGS = YES;
				SWIFT_VERSION = 5.0;
			};
			name = Release;
		};
/* End XCBuildConfiguration section */

/* Begin XCConfigurationList section */
		4789C52A27B54F1400CE4DC5 /* Build configuration list for PBXProject "Stepper View" */ = {
			isa = XCConfigurationList;
			buildConfigurations = (
				4789C54227B54F1600CE4DC5 /* Debug */,
				4789C54327B54F1600CE4DC5 /* Release */,
			);
			defaultConfigurationIsVisible = 0;
			defaultConfigurationName = Release;
		};
		4789C54427B54F1600CE4DC5 /* Build configuration list for PBXNativeTarget "Stepper View (iOS)" */ = {
			isa = XCConfigurationList;
			buildConfigurations = (
				4789C54527B54F1600CE4DC5 /* Debug */,
				4789C54627B54F1600CE4DC5 /* Release */,
			);
			defaultConfigurationIsVisible = 0;
			defaultConfigurationName = Release;
		};
		4789C54727B54F1600CE4DC5 /* Build configuration list for PBXNativeTarget "Stepper View (macOS)" */ = {
			isa = XCConfigurationList;
			buildConfigurations = (
				4789C54827B54F1600CE4DC5 /* Debug */,
				4789C54927B54F1600CE4DC5 /* Release */,
			);
			defaultConfigurationIsVisible = 0;
			defaultConfigurationName = Release;
		};
/* End XCConfigurationList section */
	};
	rootObject = 4789C52727B54F1400CE4DC5 /* Project object */;
}
